// !$*UTF8*$!
{
	archiveVersion = 1;
	classes = {
	};
	objectVersion = 55;
	objects = {

/* Begin PBXBuildFile section */
		45DAEA674546DF3D776E8874 /* Pods_HackathonApp.framework in Frameworks */ = {isa = PBXBuildFile; fileRef = 4061B32EC020C94182D63F1E /* Pods_HackathonApp.framework */; };
		82D4D98E276A0F3600EAFDC4 /* RequestPrepartionViewController.swift in Sources */ = {isa = PBXBuildFile; fileRef = 82D4D98D276A0F3600EAFDC4 /* RequestPrepartionViewController.swift */; };
		CF669DAE2769FEEC00D83257 /* AppDelegate.swift in Sources */ = {isa = PBXBuildFile; fileRef = CF669DAD2769FEEC00D83257 /* AppDelegate.swift */; };
		CF669DB02769FEEC00D83257 /* SceneDelegate.swift in Sources */ = {isa = PBXBuildFile; fileRef = CF669DAF2769FEEC00D83257 /* SceneDelegate.swift */; };
		CF669DB22769FEEC00D83257 /* ViewController.swift in Sources */ = {isa = PBXBuildFile; fileRef = CF669DB12769FEEC00D83257 /* ViewController.swift */; };
		CF669DB72769FEED00D83257 /* Assets.xcassets in Resources */ = {isa = PBXBuildFile; fileRef = CF669DB62769FEED00D83257 /* Assets.xcassets */; };
		CF669DBA2769FEED00D83257 /* LaunchScreen.storyboard in Resources */ = {isa = PBXBuildFile; fileRef = CF669DB82769FEED00D83257 /* LaunchScreen.storyboard */; };
		CF669DC22769FFF300D83257 /* SignUpViewController.swift in Sources */ = {isa = PBXBuildFile; fileRef = CF669DC12769FFF300D83257 /* SignUpViewController.swift */; };
		CF669DC4276A000000D83257 /* HomeViewController.swift in Sources */ = {isa = PBXBuildFile; fileRef = CF669DC3276A000000D83257 /* HomeViewController.swift */; };
		CF669DC6276A000E00D83257 /* ProfileViewController.swift in Sources */ = {isa = PBXBuildFile; fileRef = CF669DC5276A000E00D83257 /* ProfileViewController.swift */; };
		CF669DC8276A002500D83257 /* CommunitiesViewController.swift in Sources */ = {isa = PBXBuildFile; fileRef = CF669DC7276A002500D83257 /* CommunitiesViewController.swift */; };
		CF669DCA276A003000D83257 /* ContnetViewController.swift in Sources */ = {isa = PBXBuildFile; fileRef = CF669DC9276A003000D83257 /* ContnetViewController.swift */; };
		CF669DCC276A040500D83257 /* GoogleService-Info.plist in Resources */ = {isa = PBXBuildFile; fileRef = CF669DCB276A040400D83257 /* GoogleService-Info.plist */; };
/* End PBXBuildFile section */

/* Begin PBXFileReference section */
		4061B32EC020C94182D63F1E /* Pods_HackathonApp.framework */ = {isa = PBXFileReference; explicitFileType = wrapper.framework; includeInIndex = 0; path = Pods_HackathonApp.framework; sourceTree = BUILT_PRODUCTS_DIR; };
		75415F13AF9A7E5407499867 /* Pods-HackathonApp.debug.xcconfig */ = {isa = PBXFileReference; includeInIndex = 1; lastKnownFileType = text.xcconfig; name = "Pods-HackathonApp.debug.xcconfig"; path = "Target Support Files/Pods-HackathonApp/Pods-HackathonApp.debug.xcconfig"; sourceTree = "<group>"; };
		82D4D98D276A0F3600EAFDC4 /* RequestPrepartionViewController.swift */ = {isa = PBXFileReference; lastKnownFileType = sourcecode.swift; path = RequestPrepartionViewController.swift; sourceTree = "<group>"; };
		85A4E50551952CF8F4DA6834 /* Pods-HackathonApp.release.xcconfig */ = {isa = PBXFileReference; includeInIndex = 1; lastKnownFileType = text.xcconfig; name = "Pods-HackathonApp.release.xcconfig"; path = "Target Support Files/Pods-HackathonApp/Pods-HackathonApp.release.xcconfig"; sourceTree = "<group>"; };
		CF669DAA2769FEEC00D83257 /* HackathonApp.app */ = {isa = PBXFileReference; explicitFileType = wrapper.application; includeInIndex = 0; path = HackathonApp.app; sourceTree = BUILT_PRODUCTS_DIR; };
		CF669DAD2769FEEC00D83257 /* AppDelegate.swift */ = {isa = PBXFileReference; lastKnownFileType = sourcecode.swift; path = AppDelegate.swift; sourceTree = "<group>"; };
		CF669DAF2769FEEC00D83257 /* SceneDelegate.swift */ = {isa = PBXFileReference; lastKnownFileType = sourcecode.swift; path = SceneDelegate.swift; sourceTree = "<group>"; };
		CF669DB12769FEEC00D83257 /* ViewController.swift */ = {isa = PBXFileReference; lastKnownFileType = sourcecode.swift; path = ViewController.swift; sourceTree = "<group>"; };
		CF669DB62769FEED00D83257 /* Assets.xcassets */ = {isa = PBXFileReference; lastKnownFileType = folder.assetcatalog; path = Assets.xcassets; sourceTree = "<group>"; };
		CF669DB92769FEED00D83257 /* Base */ = {isa = PBXFileReference; lastKnownFileType = file.storyboard; name = Base; path = Base.lproj/LaunchScreen.storyboard; sourceTree = "<group>"; };
		CF669DBB2769FEED00D83257 /* Info.plist */ = {isa = PBXFileReference; lastKnownFileType = text.plist.xml; path = Info.plist; sourceTree = "<group>"; };
		CF669DC12769FFF300D83257 /* SignUpViewController.swift */ = {isa = PBXFileReference; lastKnownFileType = sourcecode.swift; path = SignUpViewController.swift; sourceTree = "<group>"; };
		CF669DC3276A000000D83257 /* HomeViewController.swift */ = {isa = PBXFileReference; lastKnownFileType = sourcecode.swift; path = HomeViewController.swift; sourceTree = "<group>"; };
		CF669DC5276A000E00D83257 /* ProfileViewController.swift */ = {isa = PBXFileReference; lastKnownFileType = sourcecode.swift; path = ProfileViewController.swift; sourceTree = "<group>"; };
		CF669DC7276A002500D83257 /* CommunitiesViewController.swift */ = {isa = PBXFileReference; lastKnownFileType = sourcecode.swift; path = CommunitiesViewController.swift; sourceTree = "<group>"; };
		CF669DC9276A003000D83257 /* ContnetViewController.swift */ = {isa = PBXFileReference; lastKnownFileType = sourcecode.swift; path = ContnetViewController.swift; sourceTree = "<group>"; };
		CF669DCB276A040400D83257 /* GoogleService-Info.plist */ = {isa = PBXFileReference; fileEncoding = 4; lastKnownFileType = text.plist.xml; path = "GoogleService-Info.plist"; sourceTree = "<group>"; };
/* End PBXFileReference section */

/* Begin PBXFrameworksBuildPhase section */
		CF669DA72769FEEC00D83257 /* Frameworks */ = {
			isa = PBXFrameworksBuildPhase;
			buildActionMask = 2147483647;
			files = (
				45DAEA674546DF3D776E8874 /* Pods_HackathonApp.framework in Frameworks */,
			);
			runOnlyForDeploymentPostprocessing = 0;
		};
/* End PBXFrameworksBuildPhase section */

/* Begin PBXGroup section */
		182653EF9B92A6046B177FAD /* Pods */ = {
			isa = PBXGroup;
			children = (
				75415F13AF9A7E5407499867 /* Pods-HackathonApp.debug.xcconfig */,
				85A4E50551952CF8F4DA6834 /* Pods-HackathonApp.release.xcconfig */,
			);
			path = Pods;
			sourceTree = "<group>";
		};
		7E97D2BF0DE6C0D125CCF756 /* Frameworks */ = {
			isa = PBXGroup;
			children = (
				4061B32EC020C94182D63F1E /* Pods_HackathonApp.framework */,
			);
			name = Frameworks;
			sourceTree = "<group>";
		};
		CF669DA12769FEEC00D83257 = {
			isa = PBXGroup;
			children = (
				CF669DAC2769FEEC00D83257 /* HackathonApp */,
				CF669DAB2769FEEC00D83257 /* Products */,
				182653EF9B92A6046B177FAD /* Pods */,
				7E97D2BF0DE6C0D125CCF756 /* Frameworks */,
			);
			sourceTree = "<group>";
		};
		CF669DAB2769FEEC00D83257 /* Products */ = {
			isa = PBXGroup;
			children = (
				CF669DAA2769FEEC00D83257 /* HackathonApp.app */,
			);
			name = Products;
			sourceTree = "<group>";
		};
		CF669DAC2769FEEC00D83257 /* HackathonApp */ = {
			isa = PBXGroup;
			children = (
				CF669DAD2769FEEC00D83257 /* AppDelegate.swift */,
				CF669DAF2769FEEC00D83257 /* SceneDelegate.swift */,
				CF669DB12769FEEC00D83257 /* ViewController.swift */,
				CF669DB62769FEED00D83257 /* Assets.xcassets */,
				CF669DB82769FEED00D83257 /* LaunchScreen.storyboard */,
				CF669DBB2769FEED00D83257 /* Info.plist */,
				CF669DCB276A040400D83257 /* GoogleService-Info.plist */,
				CF669DC12769FFF300D83257 /* SignUpViewController.swift */,
				82D4D98D276A0F3600EAFDC4 /* RequestPrepartionViewController.swift */,
				CF669DC3276A000000D83257 /* HomeViewController.swift */,
				CF669DC5276A000E00D83257 /* ProfileViewController.swift */,
				CF669DC7276A002500D83257 /* CommunitiesViewController.swift */,
				CF669DC9276A003000D83257 /* ContnetViewController.swift */,
			);
			path = HackathonApp;
			sourceTree = "<group>";
		};
/* End PBXGroup section */

/* Begin PBXNativeTarget section */
		CF669DA92769FEEC00D83257 /* HackathonApp */ = {
			isa = PBXNativeTarget;
			buildConfigurationList = CF669DBE2769FEED00D83257 /* Build configuration list for PBXNativeTarget "HackathonApp" */;
			buildPhases = (
				A329F30784BB71C709605597 /* [CP] Check Pods Manifest.lock */,
				CF669DA62769FEEC00D83257 /* Sources */,
				CF669DA72769FEEC00D83257 /* Frameworks */,
				CF669DA82769FEEC00D83257 /* Resources */,
				E923B9D6237BF2298CF1DA4F /* [CP] Embed Pods Frameworks */,
			);
			buildRules = (
			);
			dependencies = (
			);
			name = HackathonApp;
			productName = HackathonApp;
			productReference = CF669DAA2769FEEC00D83257 /* HackathonApp.app */;
			productType = "com.apple.product-type.application";
		};
/* End PBXNativeTarget section */

/* Begin PBXProject section */
		CF669DA22769FEEC00D83257 /* Project object */ = {
			isa = PBXProject;
			attributes = {
				BuildIndependentTargetsInParallel = 1;
				LastSwiftUpdateCheck = 1320;
				LastUpgradeCheck = 1320;
				TargetAttributes = {
					CF669DA92769FEEC00D83257 = {
						CreatedOnToolsVersion = 13.2;
					};
				};
			};
			buildConfigurationList = CF669DA52769FEEC00D83257 /* Build configuration list for PBXProject "HackathonApp" */;
			compatibilityVersion = "Xcode 13.0";
			developmentRegion = en;
			hasScannedForEncodings = 0;
			knownRegions = (
				en,
				Base,
			);
			mainGroup = CF669DA12769FEEC00D83257;
			productRefGroup = CF669DAB2769FEEC00D83257 /* Products */;
			projectDirPath = "";
			projectRoot = "";
			targets = (
				CF669DA92769FEEC00D83257 /* HackathonApp */,
			);
		};
/* End PBXProject section */

/* Begin PBXResourcesBuildPhase section */
		CF669DA82769FEEC00D83257 /* Resources */ = {
			isa = PBXResourcesBuildPhase;
			buildActionMask = 2147483647;
			files = (
				CF669DBA2769FEED00D83257 /* LaunchScreen.storyboard in Resources */,
				CF669DB72769FEED00D83257 /* Assets.xcassets in Resources */,
				CF669DCC276A040500D83257 /* GoogleService-Info.plist in Resources */,
			);
			runOnlyForDeploymentPostprocessing = 0;
		};
/* End PBXResourcesBuildPhase section */

/* Begin PBXShellScriptBuildPhase section */
		A329F30784BB71C709605597 /* [CP] Check Pods Manifest.lock */ = {
			isa = PBXShellScriptBuildPhase;
			buildActionMask = 2147483647;
			files = (
			);
			inputFileListPaths = (
			);
			inputPaths = (
				"${PODS_PODFILE_DIR_PATH}/Podfile.lock",
				"${PODS_ROOT}/Manifest.lock",
			);
			name = "[CP] Check Pods Manifest.lock";
			outputFileListPaths = (
			);
			outputPaths = (
				"$(DERIVED_FILE_DIR)/Pods-HackathonApp-checkManifestLockResult.txt",
			);
			runOnlyForDeploymentPostprocessing = 0;
			shellPath = /bin/sh;
			shellScript = "diff \"${PODS_PODFILE_DIR_PATH}/Podfile.lock\" \"${PODS_ROOT}/Manifest.lock\" > /dev/null\nif [ $? != 0 ] ; then\n    # print error to STDERR\n    echo \"error: The sandbox is not in sync with the Podfile.lock. Run 'pod install' or update your CocoaPods installation.\" >&2\n    exit 1\nfi\n# This output is used by Xcode 'outputs' to avoid re-running this script phase.\necho \"SUCCESS\" > \"${SCRIPT_OUTPUT_FILE_0}\"\n";
			showEnvVarsInLog = 0;
		};
		E923B9D6237BF2298CF1DA4F /* [CP] Embed Pods Frameworks */ = {
			isa = PBXShellScriptBuildPhase;
			buildActionMask = 2147483647;
			files = (
			);
			inputFileListPaths = (
				"${PODS_ROOT}/Target Support Files/Pods-HackathonApp/Pods-HackathonApp-frameworks-${CONFIGURATION}-input-files.xcfilelist",
			);
			name = "[CP] Embed Pods Frameworks";
			outputFileListPaths = (
				"${PODS_ROOT}/Target Support Files/Pods-HackathonApp/Pods-HackathonApp-frameworks-${CONFIGURATION}-output-files.xcfilelist",
			);
			runOnlyForDeploymentPostprocessing = 0;
			shellPath = /bin/sh;
			shellScript = "\"${PODS_ROOT}/Target Support Files/Pods-HackathonApp/Pods-HackathonApp-frameworks.sh\"\n";
			showEnvVarsInLog = 0;
		};
/* End PBXShellScriptBuildPhase section */

/* Begin PBXSourcesBuildPhase section */
		CF669DA62769FEEC00D83257 /* Sources */ = {
			isa = PBXSourcesBuildPhase;
			buildActionMask = 2147483647;
			files = (
				82D4D98E276A0F3600EAFDC4 /* RequestPrepartionViewController.swift in Sources */,
				CF669DCA276A003000D83257 /* ContnetViewController.swift in Sources */,
				CF669DC6276A000E00D83257 /* ProfileViewController.swift in Sources */,
				CF669DC8276A002500D83257 /* CommunitiesViewController.swift in Sources */,
				CF669DC4276A000000D83257 /* HomeViewController.swift in Sources */,
				CF669DB22769FEEC00D83257 /* ViewController.swift in Sources */,
				CF669DAE2769FEEC00D83257 /* AppDelegate.swift in Sources */,
				CF669DC22769FFF300D83257 /* SignUpViewController.swift in Sources */,
				CF669DB02769FEEC00D83257 /* SceneDelegate.swift in Sources */,
			);
			runOnlyForDeploymentPostprocessing = 0;
		};
/* End PBXSourcesBuildPhase section */

/* Begin PBXVariantGroup section */
		CF669DB82769FEED00D83257 /* LaunchScreen.storyboard */ = {
			isa = PBXVariantGroup;
			children = (
				CF669DB92769FEED00D83257 /* Base */,
			);
			name = LaunchScreen.storyboard;
			sourceTree = "<group>";
		};
/* End PBXVariantGroup section */

/* Begin XCBuildConfiguration section */
		CF669DBC2769FEED00D83257 /* Debug */ = {
			isa = XCBuildConfiguration;
			buildSettings = {
				ALWAYS_SEARCH_USER_PATHS = NO;
				CLANG_ANALYZER_NONNULL = YES;
				CLANG_ANALYZER_NUMBER_OBJECT_CONVERSION = YES_AGGRESSIVE;
				CLANG_CXX_LANGUAGE_STANDARD = "gnu++17";
				CLANG_CXX_LIBRARY = "libc++";
				CLANG_ENABLE_MODULES = YES;
				CLANG_ENABLE_OBJC_ARC = YES;
				CLANG_ENABLE_OBJC_WEAK = YES;
				CLANG_WARN_BLOCK_CAPTURE_AUTORELEASING = YES;
				CLANG_WARN_BOOL_CONVERSION = YES;
				CLANG_WARN_COMMA = YES;
				CLANG_WARN_CONSTANT_CONVERSION = YES;
				CLANG_WARN_DEPRECATED_OBJC_IMPLEMENTATIONS = YES;
				CLANG_WARN_DIRECT_OBJC_ISA_USAGE = YES_ERROR;
				CLANG_WARN_DOCUMENTATION_COMMENTS = YES;
				CLANG_WARN_EMPTY_BODY = YES;
				CLANG_WARN_ENUM_CONVERSION = YES;
				CLANG_WARN_INFINITE_RECURSION = YES;
				CLANG_WARN_INT_CONVERSION = YES;
				CLANG_WARN_NON_LITERAL_NULL_CONVERSION = YES;
				CLANG_WARN_OBJC_IMPLICIT_RETAIN_SELF = YES;
				CLANG_WARN_OBJC_LITERAL_CONVERSION = YES;
				CLANG_WARN_OBJC_ROOT_CLASS = YES_ERROR;
				CLANG_WARN_QUOTED_INCLUDE_IN_FRAMEWORK_HEADER = YES;
				CLANG_WARN_RANGE_LOOP_ANALYSIS = YES;
				CLANG_WARN_STRICT_PROTOTYPES = YES;
				CLANG_WARN_SUSPICIOUS_MOVE = YES;
				CLANG_WARN_UNGUARDED_AVAILABILITY = YES_AGGRESSIVE;
				CLANG_WARN_UNREACHABLE_CODE = YES;
				CLANG_WARN__DUPLICATE_METHOD_MATCH = YES;
				COPY_PHASE_STRIP = NO;
				DEBUG_INFORMATION_FORMAT = dwarf;
				ENABLE_STRICT_OBJC_MSGSEND = YES;
				ENABLE_TESTABILITY = YES;
				GCC_C_LANGUAGE_STANDARD = gnu11;
				GCC_DYNAMIC_NO_PIC = NO;
				GCC_NO_COMMON_BLOCKS = YES;
				GCC_OPTIMIZATION_LEVEL = 0;
				GCC_PREPROCESSOR_DEFINITIONS = (
					"DEBUG=1",
					"$(inherited)",
				);
				GCC_WARN_64_TO_32_BIT_CONVERSION = YES;
				GCC_WARN_ABOUT_RETURN_TYPE = YES_ERROR;
				GCC_WARN_UNDECLARED_SELECTOR = YES;
				GCC_WARN_UNINITIALIZED_AUTOS = YES_AGGRESSIVE;
				GCC_WARN_UNUSED_FUNCTION = YES;
				GCC_WARN_UNUSED_VARIABLE = YES;
				IPHONEOS_DEPLOYMENT_TARGET = 15.2;
				MTL_ENABLE_DEBUG_INFO = INCLUDE_SOURCE;
				MTL_FAST_MATH = YES;
				ONLY_ACTIVE_ARCH = YES;
				SDKROOT = iphoneos;
				SWIFT_ACTIVE_COMPILATION_CONDITIONS = DEBUG;
				SWIFT_OPTIMIZATION_LEVEL = "-Onone";
			};
			name = Debug;
		};
		CF669DBD2769FEED00D83257 /* Release */ = {
			isa = XCBuildConfiguration;
			buildSettings = {
				ALWAYS_SEARCH_USER_PATHS = NO;
				CLANG_ANALYZER_NONNULL = YES;
				CLANG_ANALYZER_NUMBER_OBJECT_CONVERSION = YES_AGGRESSIVE;
				CLANG_CXX_LANGUAGE_STANDARD = "gnu++17";
				CLANG_CXX_LIBRARY = "libc++";
				CLANG_ENABLE_MODULES = YES;
				CLANG_ENABLE_OBJC_ARC = YES;
				CLANG_ENABLE_OBJC_WEAK = YES;
				CLANG_WARN_BLOCK_CAPTURE_AUTORELEASING = YES;
				CLANG_WARN_BOOL_CONVERSION = YES;
				CLANG_WARN_COMMA = YES;
				CLANG_WARN_CONSTANT_CONVERSION = YES;
				CLANG_WARN_DEPRECATED_OBJC_IMPLEMENTATIONS = YES;
				CLANG_WARN_DIRECT_OBJC_ISA_USAGE = YES_ERROR;
				CLANG_WARN_DOCUMENTATION_COMMENTS = YES;
				CLANG_WARN_EMPTY_BODY = YES;
				CLANG_WARN_ENUM_CONVERSION = YES;
				CLANG_WARN_INFINITE_RECURSION = YES;
				CLANG_WARN_INT_CONVERSION = YES;
				CLANG_WARN_NON_LITERAL_NULL_CONVERSION = YES;
				CLANG_WARN_OBJC_IMPLICIT_RETAIN_SELF = YES;
				CLANG_WARN_OBJC_LITERAL_CONVERSION = YES;
				CLANG_WARN_OBJC_ROOT_CLASS = YES_ERROR;
				CLANG_WARN_QUOTED_INCLUDE_IN_FRAMEWORK_HEADER = YES;
				CLANG_WARN_RANGE_LOOP_ANALYSIS = YES;
				CLANG_WARN_STRICT_PROTOTYPES = YES;
				CLANG_WARN_SUSPICIOUS_MOVE = YES;
				CLANG_WARN_UNGUARDED_AVAILABILITY = YES_AGGRESSIVE;
				CLANG_WARN_UNREACHABLE_CODE = YES;
				CLANG_WARN__DUPLICATE_METHOD_MATCH = YES;
				COPY_PHASE_STRIP = NO;
				DEBUG_INFORMATION_FORMAT = "dwarf-with-dsym";
				ENABLE_NS_ASSERTIONS = NO;
				ENABLE_STRICT_OBJC_MSGSEND = YES;
				GCC_C_LANGUAGE_STANDARD = gnu11;
				GCC_NO_COMMON_BLOCKS = YES;
				GCC_WARN_64_TO_32_BIT_CONVERSION = YES;
				GCC_WARN_ABOUT_RETURN_TYPE = YES_ERROR;
				GCC_WARN_UNDECLARED_SELECTOR = YES;
				GCC_WARN_UNINITIALIZED_AUTOS = YES_AGGRESSIVE;
				GCC_WARN_UNUSED_FUNCTION = YES;
				GCC_WARN_UNUSED_VARIABLE = YES;
				IPHONEOS_DEPLOYMENT_TARGET = 15.2;
				MTL_ENABLE_DEBUG_INFO = NO;
				MTL_FAST_MATH = YES;
				SDKROOT = iphoneos;
				SWIFT_COMPILATION_MODE = wholemodule;
				SWIFT_OPTIMIZATION_LEVEL = "-O";
				VALIDATE_PRODUCT = YES;
			};
			name = Release;
		};
		CF669DBF2769FEED00D83257 /* Debug */ = {
			isa = XCBuildConfiguration;
			baseConfigurationReference = 75415F13AF9A7E5407499867 /* Pods-HackathonApp.debug.xcconfig */;
			buildSettings = {
				ASSETCATALOG_COMPILER_APPICON_NAME = AppIcon;
				ASSETCATALOG_COMPILER_GLOBAL_ACCENT_COLOR_NAME = AccentColor;
				CODE_SIGN_STYLE = Automatic;
				CURRENT_PROJECT_VERSION = 1;
				DEVELOPMENT_TEAM = N936TX7YVC;
				GENERATE_INFOPLIST_FILE = YES;
				INFOPLIST_FILE = HackathonApp/Info.plist;
				INFOPLIST_KEY_UIApplicationSupportsIndirectInputEvents = YES;
				INFOPLIST_KEY_UILaunchStoryboardName = LaunchScreen;
				INFOPLIST_KEY_UISupportedInterfaceOrientations_iPad = "UIInterfaceOrientationPortrait UIInterfaceOrientationPortraitUpsideDown UIInterfaceOrientationLandscapeLeft UIInterfaceOrientationLandscapeRight";
				INFOPLIST_KEY_UISupportedInterfaceOrientations_iPhone = "UIInterfaceOrientationPortrait UIInterfaceOrientationLandscapeLeft UIInterfaceOrientationLandscapeRight";
				IPHONEOS_DEPLOYMENT_TARGET = 15.0;
				LD_RUNPATH_SEARCH_PATHS = (
					"$(inherited)",
					"@executable_path/Frameworks",
				);
				MARKETING_VERSION = 1.0;
				PRODUCT_BUNDLE_IDENTIFIER = com.RayanTaj.HackathonApp;
				PRODUCT_NAME = "$(TARGET_NAME)";
				SWIFT_EMIT_LOC_STRINGS = YES;
				SWIFT_VERSION = 5.0;
				TARGETED_DEVICE_FAMILY = "1,2";
			};
			name = Debug;
		};
		CF669DC02769FEED00D83257 /* Release */ = {
			isa = XCBuildConfiguration;
			baseConfigurationReference = 85A4E50551952CF8F4DA6834 /* Pods-HackathonApp.release.xcconfig */;
			buildSettings = {
				ASSETCATALOG_COMPILER_APPICON_NAME = AppIcon;
				ASSETCATALOG_COMPILER_GLOBAL_ACCENT_COLOR_NAME = AccentColor;
				CODE_SIGN_STYLE = Automatic;
				CURRENT_PROJECT_VERSION = 1;
				DEVELOPMENT_TEAM = N936TX7YVC;
				GENERATE_INFOPLIST_FILE = YES;
				INFOPLIST_FILE = HackathonApp/Info.plist;
				INFOPLIST_KEY_UIApplicationSupportsIndirectInputEvents = YES;
				INFOPLIST_KEY_UILaunchStoryboardName = LaunchScreen;
				INFOPLIST_KEY_UISupportedInterfaceOrientations_iPad = "UIInterfaceOrientationPortrait UIInterfaceOrientationPortraitUpsideDown UIInterfaceOrientationLandscapeLeft UIInterfaceOrientationLandscapeRight";
				INFOPLIST_KEY_UISupportedInterfaceOrientations_iPhone = "UIInterfaceOrientationPortrait UIInterfaceOrientationLandscapeLeft UIInterfaceOrientationLandscapeRight";
				IPHONEOS_DEPLOYMENT_TARGET = 15.0;
				LD_RUNPATH_SEARCH_PATHS = (
					"$(inherited)",
					"@executable_path/Frameworks",
				);
				MARKETING_VERSION = 1.0;
				PRODUCT_BUNDLE_IDENTIFIER = com.RayanTaj.HackathonApp;
				PRODUCT_NAME = "$(TARGET_NAME)";
				SWIFT_EMIT_LOC_STRINGS = YES;
				SWIFT_VERSION = 5.0;
				TARGETED_DEVICE_FAMILY = "1,2";
			};
			name = Release;
		};
/* End XCBuildConfiguration section */

/* Begin XCConfigurationList section */
		CF669DA52769FEEC00D83257 /* Build configuration list for PBXProject "HackathonApp" */ = {
			isa = XCConfigurationList;
			buildConfigurations = (
				CF669DBC2769FEED00D83257 /* Debug */,
				CF669DBD2769FEED00D83257 /* Release */,
			);
			defaultConfigurationIsVisible = 0;
			defaultConfigurationName = Release;
		};
		CF669DBE2769FEED00D83257 /* Build configuration list for PBXNativeTarget "HackathonApp" */ = {
			isa = XCConfigurationList;
			buildConfigurations = (
				CF669DBF2769FEED00D83257 /* Debug */,
				CF669DC02769FEED00D83257 /* Release */,
			);
			defaultConfigurationIsVisible = 0;
			defaultConfigurationName = Release;
		};
/* End XCConfigurationList section */
	};
	rootObject = CF669DA22769FEEC00D83257 /* Project object */;
}
